schema = 1

[root]
name = "bootstrap-image"
version = "0.1.0"
source_digest = "ca556c73183fe0c85b89515adf53d3f7afaa97dbbef353f2940040d8d69e8291"

[[package]]
name = "bootstrap-image"
version = "0.1.0"
source_digest = "ca556c73183fe0c85b89515adf53d3f7afaa97dbbef353f2940040d8d69e8291"
manifest_digest = "21bc78eb2429b7ee780651f686114b7b3be1e7cf9eca35bfac6bfd382bc1793a"
locator = "workspace"
locator_path = "."

[[package.dependency]]
alias = "core"
name = "wrela-core"
version = "0.1.0"
source_digest = "eba5dfc6ec9344b33674856853d953d81a52650f241f2078edf067dbebd7cb2e"

[[package]]
name = "wrela-core"
version = "0.1.0"
source_digest = "eba5dfc6ec9344b33674856853d953d81a52650f241f2078edf067dbebd7cb2e"
manifest_digest = "ffa9445a0205d6e7a89fdf0457dd82ecbe011a65ea9c2a3faa147c6a848e5999"
locator = "toolchain"
locator_component = "wrela-core-0.1"
