schema = 1

[root]
name = "bootstrap-image"
version = "0.1.0"
source_digest = "b749bdf3ddacd8be2f707447d982ecf691b09fd431524da51fd57ce4748b6f1a"

[[package]]
name = "bootstrap-image"
version = "0.1.0"
source_digest = "b749bdf3ddacd8be2f707447d982ecf691b09fd431524da51fd57ce4748b6f1a"
manifest_digest = "246e47c3f54443ac10f3532f4b415eb61769fe8c20efe54791a4dd563bbd360c"
locator = "workspace"
locator_path = "."

[[package.dependency]]
alias = "core"
name = "wrela-core"
version = "0.1.0"
source_digest = "5da2bae2f9089643c235c54bf229e67a995f16ce9a0596c24604bd389661afd5"

[[package]]
name = "wrela-core"
version = "0.1.0"
source_digest = "5da2bae2f9089643c235c54bf229e67a995f16ce9a0596c24604bd389661afd5"
manifest_digest = "7eda3d023a968b8302de6a2d5bea13270be3fbdba58d57ca93d74007a1a65786"
locator = "toolchain"
locator_component = "wrela-core-0.1"
