schema = 1

[root]
name = "checked-shift-runtime"
version = "0.1.0"
source_digest = "0f00c4bfa14264db5b6b57eb02227bf1b0f8913362e3562f7d1cb8dd8df87827"

[[package]]
name = "checked-shift-runtime"
version = "0.1.0"
source_digest = "0f00c4bfa14264db5b6b57eb02227bf1b0f8913362e3562f7d1cb8dd8df87827"
manifest_digest = "ef2dc1dda9325128d2b2a3539a7d06c629ac8f9dff3dca0cc93c521b46412c1b"
locator = "workspace"
locator_path = "."

[[package.dependency]]
alias = "core"
name = "wrela-core"
version = "0.1.0"
source_digest = "eba5dfc6ec9344b33674856853d953d81a52650f241f2078edf067dbebd7cb2e"

[[package]]
name = "wrela-core"
version = "0.1.0"
source_digest = "eba5dfc6ec9344b33674856853d953d81a52650f241f2078edf067dbebd7cb2e"
manifest_digest = "ffa9445a0205d6e7a89fdf0457dd82ecbe011a65ea9c2a3faa147c6a848e5999"
locator = "toolchain"
locator_component = "wrela-core-0.1"
