# Valid schema-1 lock data with a noncanonical layout and field order.
schema=+1

[root]
version="1.0.0"
source_digest="1111111111111111111111111111111111111111111111111111111111111111"
name="mini"

[[package]]
locator_path="packages/mini"
locator="workspace"
manifest_digest="aaaaaaaaaaaaaaaaaaaaaaaaaaaaaaaaaaaaaaaaaaaaaaaaaaaaaaaaaaaaaaaa"
source_digest="1111111111111111111111111111111111111111111111111111111111111111"
version="1.0.0"
name="mini"

