schema = 1

[root]
name = "stdlib-time-runtime"
version = "0.1.0"
source_digest = "6cc1359ebdd5e5a1537833141a024121523b2f99eb2a13881c466701d7e617da"

[[package]]
name = "stdlib-time-runtime"
version = "0.1.0"
source_digest = "6cc1359ebdd5e5a1537833141a024121523b2f99eb2a13881c466701d7e617da"
manifest_digest = "23085f597bf88ade7dbca709c5d270a9e896f99dfc6656203b05fc7d3af5d349"
locator = "workspace"
locator_path = "."

[[package.dependency]]
alias = "core"
name = "wrela-core"
version = "0.1.0"
source_digest = "eba5dfc6ec9344b33674856853d953d81a52650f241f2078edf067dbebd7cb2e"

[[package]]
name = "wrela-core"
version = "0.1.0"
source_digest = "eba5dfc6ec9344b33674856853d953d81a52650f241f2078edf067dbebd7cb2e"
manifest_digest = "ffa9445a0205d6e7a89fdf0457dd82ecbe011a65ea9c2a3faa147c6a848e5999"
locator = "toolchain"
locator_component = "wrela-core-0.1"
