schema = 1

[root]
name = "stdlib-time-runtime"
version = "0.1.0"
source_digest = "330fdacd313822a757546ba52f0f5aa4efc750b33b76fd2a021702f4d3de0c45"

[[package]]
name = "stdlib-time-runtime"
version = "0.1.0"
source_digest = "330fdacd313822a757546ba52f0f5aa4efc750b33b76fd2a021702f4d3de0c45"
manifest_digest = "ae51cc30bc6c9ded97f4f0d20774fdb979273c9f174d95f13f428f2ebe185ec1"
locator = "workspace"
locator_path = "."

[[package.dependency]]
alias = "core"
name = "wrela-core"
version = "0.1.0"
source_digest = "5da2bae2f9089643c235c54bf229e67a995f16ce9a0596c24604bd389661afd5"

[[package]]
name = "wrela-core"
version = "0.1.0"
source_digest = "5da2bae2f9089643c235c54bf229e67a995f16ce9a0596c24604bd389661afd5"
manifest_digest = "7eda3d023a968b8302de6a2d5bea13270be3fbdba58d57ca93d74007a1a65786"
locator = "toolchain"
locator_component = "wrela-core-0.1"
