schema=1
route=linux-arm64-direct
host=aarch64-unknown-linux-musl
engine_protocol=1
toolchain_manifest_sha256=79c32d5224b34a309d0896937faf562d5fec86d00f575b81a17209b2e6f357a7
toolchain_manifest_bytes=1917
frontend_engine_sha256=2121212121212121212121212121212121212121212121212121212121212121
frontend_engine_bytes=12345
