schema = 1

[root]
name = "stdlib-time-scalar-conformance"
version = "0.1.0"
source_digest = "88293ea3d6d4acb5c755808557d2dbb7a9055876b4e105aad7affd1206c53d15"

[[package]]
name = "stdlib-time-scalar-conformance"
version = "0.1.0"
source_digest = "88293ea3d6d4acb5c755808557d2dbb7a9055876b4e105aad7affd1206c53d15"
manifest_digest = "00751543634803dfd6b31e10a4c58b920616e9fef3a6454c1febf9eaadf3c2d6"
locator = "workspace"
locator_path = "."

[[package.dependency]]
alias = "core"
name = "wrela-core"
version = "0.1.0"
source_digest = "eba5dfc6ec9344b33674856853d953d81a52650f241f2078edf067dbebd7cb2e"

[[package]]
name = "wrela-core"
version = "0.1.0"
source_digest = "eba5dfc6ec9344b33674856853d953d81a52650f241f2078edf067dbebd7cb2e"
manifest_digest = "ffa9445a0205d6e7a89fdf0457dd82ecbe011a65ea9c2a3faa147c6a848e5999"
locator = "toolchain"
locator_component = "wrela-core-0.1"
