schema = 1

[root]
name = "runtime-timeout"
version = "0.1.0"
source_digest = "97b5c110a03e15f13807f4736161dfc93e61da37c0751541be80be3c9b9cfc23"

[[package]]
name = "runtime-timeout"
version = "0.1.0"
source_digest = "97b5c110a03e15f13807f4736161dfc93e61da37c0751541be80be3c9b9cfc23"
manifest_digest = "e84b950fc73bc8bc018d525b5aa5bab283c232948986bba6cc76600a28cb8dcc"
locator = "workspace"
locator_path = "."

[[package.dependency]]
alias = "core"
name = "wrela-core"
version = "0.1.0"
source_digest = "eba5dfc6ec9344b33674856853d953d81a52650f241f2078edf067dbebd7cb2e"

[[package]]
name = "wrela-core"
version = "0.1.0"
source_digest = "eba5dfc6ec9344b33674856853d953d81a52650f241f2078edf067dbebd7cb2e"
manifest_digest = "ffa9445a0205d6e7a89fdf0457dd82ecbe011a65ea9c2a3faa147c6a848e5999"
locator = "toolchain"
locator_component = "wrela-core-0.1"
