schema = 1

[root]
name = "runtime-timeout"
version = "0.1.0"
source_digest = "ee442068f59323d587d93259716764167698f66e15ccc70cf112886ab0b63d0c"

[[package]]
name = "runtime-timeout"
version = "0.1.0"
source_digest = "ee442068f59323d587d93259716764167698f66e15ccc70cf112886ab0b63d0c"
manifest_digest = "e84b950fc73bc8bc018d525b5aa5bab283c232948986bba6cc76600a28cb8dcc"
locator = "workspace"
locator_path = "."

[[package.dependency]]
alias = "core"
name = "wrela-core"
version = "0.1.0"
source_digest = "0011a42b0c7fa08e9388deebe81533ee1071c2d805ccc41f34d0958da9d8183f"

[[package]]
name = "wrela-core"
version = "0.1.0"
source_digest = "0011a42b0c7fa08e9388deebe81533ee1071c2d805ccc41f34d0958da9d8183f"
manifest_digest = "ffa9445a0205d6e7a89fdf0457dd82ecbe011a65ea9c2a3faa147c6a848e5999"
locator = "toolchain"
locator_component = "wrela-core-0.1"
