schema = 1

[root]
name = "runtime-result"
version = "0.1.0"
source_digest = "c937d30ee2abd10e0b93c561df3401a78e73a6c7fda7dd40dbf1edb5e7b24823"

[[package]]
name = "runtime-result"
version = "0.1.0"
source_digest = "c937d30ee2abd10e0b93c561df3401a78e73a6c7fda7dd40dbf1edb5e7b24823"
manifest_digest = "eb17feff519e387bdef5bbacf8e5c562b8f4914ba62becca3d674e52a6d23903"
locator = "workspace"
locator_path = "."

[[package.dependency]]
alias = "core"
name = "wrela-core"
version = "0.1.0"
source_digest = "eba5dfc6ec9344b33674856853d953d81a52650f241f2078edf067dbebd7cb2e"

[[package]]
name = "wrela-core"
version = "0.1.0"
source_digest = "eba5dfc6ec9344b33674856853d953d81a52650f241f2078edf067dbebd7cb2e"
manifest_digest = "ffa9445a0205d6e7a89fdf0457dd82ecbe011a65ea9c2a3faa147c6a848e5999"
locator = "toolchain"
locator_component = "wrela-core-0.1"
